
Microsoft Visual Studio Solution File, Format Version 12.00
# Visual Studio Version 17
VisualStudioVersion = 17.8.34330.188
MinimumVisualStudioVersion = 10.0.40219.1
Project("{9A19103F-16F7-4668-BE54-9A1E7A4F7556}") = "OnlineScheduling.Domain", "OnlineSheduling.Domain\OnlineScheduling.Domain.csproj", "{4406A788-7361-459D-AAAA-5AC66C005ACB}"
EndProject
Project("{9A19103F-16F7-4668-BE54-9A1E7A4F7556}") = "OnlineScheduling.Domain.Command", "OnlineScheduling.Domain.Command\OnlineScheduling.Domain.Command.csproj", "{6702842A-A7C2-4011-BD5D-550DEDFB3BC3}"
EndProject
Project("{9A19103F-16F7-4668-BE54-9A1E7A4F7556}") = "OnlineScheduling.Domain.Query", "OnlineScheduling.Domain.Query\OnlineScheduling.Domain.Query.csproj", "{ADC07D19-DF8A-46A2-8B92-F47FEAEF05FF}"
EndProject
Project("{2150E333-8FDC-42A3-9474-1A3956D46DE8}") = "Solution Items", "Solution Items", "{135AA272-1858-494C-A17F-973AEC1AA974}"
	ProjectSection(SolutionItems) = preProject
		.editorconfig = .editorconfig
	EndProjectSection
EndProject
Project("{FAE04EC0-301F-11D3-BF4B-00C04F79EFBC}") = "OnlineScheduling.Api", "OnlineSheduling.Api\OnlineScheduling.Api.csproj", "{387B6DCD-971E-4541-83EC-58C17C0AB906}"
EndProject
Project("{FAE04EC0-301F-11D3-BF4B-00C04F79EFBC}") = "OnlineScheduling.Infra", "OnlineSheduling.Infra\OnlineScheduling.Infra.csproj", "{77613B9D-19A5-492C-BB8F-26CE3FCC0BE4}"
EndProject
Global
	GlobalSection(SolutionConfigurationPlatforms) = preSolution
		Debug|Any CPU = Debug|Any CPU
		Debug|x64 = Debug|x64
		Debug|x86 = Debug|x86
		Release|Any CPU = Release|Any CPU
		Release|x64 = Release|x64
		Release|x86 = Release|x86
	EndGlobalSection
	GlobalSection(ProjectConfigurationPlatforms) = postSolution
		{4406A788-7361-459D-AAAA-5AC66C005ACB}.Debug|Any CPU.ActiveCfg = Debug|Any CPU
		{4406A788-7361-459D-AAAA-5AC66C005ACB}.Debug|Any CPU.Build.0 = Debug|Any CPU
		{4406A788-7361-459D-AAAA-5AC66C005ACB}.Debug|x64.ActiveCfg = Debug|Any CPU
		{4406A788-7361-459D-AAAA-5AC66C005ACB}.Debug|x64.Build.0 = Debug|Any CPU
		{4406A788-7361-459D-AAAA-5AC66C005ACB}.Debug|x86.ActiveCfg = Debug|Any CPU
		{4406A788-7361-459D-AAAA-5AC66C005ACB}.Debug|x86.Build.0 = Debug|Any CPU
		{4406A788-7361-459D-AAAA-5AC66C005ACB}.Release|Any CPU.ActiveCfg = Release|Any CPU
		{4406A788-7361-459D-AAAA-5AC66C005ACB}.Release|Any CPU.Build.0 = Release|Any CPU
		{4406A788-7361-459D-AAAA-5AC66C005ACB}.Release|x64.ActiveCfg = Release|Any CPU
		{4406A788-7361-459D-AAAA-5AC66C005ACB}.Release|x64.Build.0 = Release|Any CPU
		{4406A788-7361-459D-AAAA-5AC66C005ACB}.Release|x86.ActiveCfg = Release|Any CPU
		{4406A788-7361-459D-AAAA-5AC66C005ACB}.Release|x86.Build.0 = Release|Any CPU
		{6702842A-A7C2-4011-BD5D-550DEDFB3BC3}.Debug|Any CPU.ActiveCfg = Debug|Any CPU
		{6702842A-A7C2-4011-BD5D-550DEDFB3BC3}.Debug|Any CPU.Build.0 = Debug|Any CPU
		{6702842A-A7C2-4011-BD5D-550DEDFB3BC3}.Debug|x64.ActiveCfg = Debug|Any CPU
		{6702842A-A7C2-4011-BD5D-550DEDFB3BC3}.Debug|x64.Build.0 = Debug|Any CPU
		{6702842A-A7C2-4011-BD5D-550DEDFB3BC3}.Debug|x86.ActiveCfg = Debug|Any CPU
		{6702842A-A7C2-4011-BD5D-550DEDFB3BC3}.Debug|x86.Build.0 = Debug|Any CPU
		{6702842A-A7C2-4011-BD5D-550DEDFB3BC3}.Release|Any CPU.ActiveCfg = Release|Any CPU
		{6702842A-A7C2-4011-BD5D-550DEDFB3BC3}.Release|Any CPU.Build.0 = Release|Any CPU
		{6702842A-A7C2-4011-BD5D-550DEDFB3BC3}.Release|x64.ActiveCfg = Release|Any CPU
		{6702842A-A7C2-4011-BD5D-550DEDFB3BC3}.Release|x64.Build.0 = Release|Any CPU
		{6702842A-A7C2-4011-BD5D-550DEDFB3BC3}.Release|x86.ActiveCfg = Release|Any CPU
		{6702842A-A7C2-4011-BD5D-550DEDFB3BC3}.Release|x86.Build.0 = Release|Any CPU
		{ADC07D19-DF8A-46A2-8B92-F47FEAEF05FF}.Debug|Any CPU.ActiveCfg = Debug|Any CPU
		{ADC07D19-DF8A-46A2-8B92-F47FEAEF05FF}.Debug|Any CPU.Build.0 = Debug|Any CPU
		{ADC07D19-DF8A-46A2-8B92-F47FEAEF05FF}.Debug|x64.ActiveCfg = Debug|Any CPU
		{ADC07D19-DF8A-46A2-8B92-F47FEAEF05FF}.Debug|x64.Build.0 = Debug|Any CPU
		{ADC07D19-DF8A-46A2-8B92-F47FEAEF05FF}.Debug|x86.ActiveCfg = Debug|Any CPU
		{ADC07D19-DF8A-46A2-8B92-F47FEAEF05FF}.Debug|x86.Build.0 = Debug|Any CPU
		{ADC07D19-DF8A-46A2-8B92-F47FEAEF05FF}.Release|Any CPU.ActiveCfg = Release|Any CPU
		{ADC07D19-DF8A-46A2-8B92-F47FEAEF05FF}.Release|Any CPU.Build.0 = Release|Any CPU
		{ADC07D19-DF8A-46A2-8B92-F47FEAEF05FF}.Release|x64.ActiveCfg = Release|Any CPU
		{ADC07D19-DF8A-46A2-8B92-F47FEAEF05FF}.Release|x64.Build.0 = Release|Any CPU
		{ADC07D19-DF8A-46A2-8B92-F47FEAEF05FF}.Release|x86.ActiveCfg = Release|Any CPU
		{ADC07D19-DF8A-46A2-8B92-F47FEAEF05FF}.Release|x86.Build.0 = Release|Any CPU
		{387B6DCD-971E-4541-83EC-58C17C0AB906}.Debug|Any CPU.ActiveCfg = Debug|Any CPU
		{387B6DCD-971E-4541-83EC-58C17C0AB906}.Debug|Any CPU.Build.0 = Debug|Any CPU
		{387B6DCD-971E-4541-83EC-58C17C0AB906}.Debug|x64.ActiveCfg = Debug|Any CPU
		{387B6DCD-971E-4541-83EC-58C17C0AB906}.Debug|x64.Build.0 = Debug|Any CPU
		{387B6DCD-971E-4541-83EC-58C17C0AB906}.Debug|x86.ActiveCfg = Debug|Any CPU
		{387B6DCD-971E-4541-83EC-58C17C0AB906}.Debug|x86.Build.0 = Debug|Any CPU
		{387B6DCD-971E-4541-83EC-58C17C0AB906}.Release|Any CPU.ActiveCfg = Release|Any CPU
		{387B6DCD-971E-4541-83EC-58C17C0AB906}.Release|Any CPU.Build.0 = Release|Any CPU
		{387B6DCD-971E-4541-83EC-58C17C0AB906}.Release|x64.ActiveCfg = Release|Any CPU
		{387B6DCD-971E-4541-83EC-58C17C0AB906}.Release|x64.Build.0 = Release|Any CPU
		{387B6DCD-971E-4541-83EC-58C17C0AB906}.Release|x86.ActiveCfg = Release|Any CPU
		{387B6DCD-971E-4541-83EC-58C17C0AB906}.Release|x86.Build.0 = Release|Any CPU
		{77613B9D-19A5-492C-BB8F-26CE3FCC0BE4}.Debug|Any CPU.ActiveCfg = Debug|Any CPU
		{77613B9D-19A5-492C-BB8F-26CE3FCC0BE4}.Debug|Any CPU.Build.0 = Debug|Any CPU
		{77613B9D-19A5-492C-BB8F-26CE3FCC0BE4}.Debug|x64.ActiveCfg = Debug|Any CPU
		{77613B9D-19A5-492C-BB8F-26CE3FCC0BE4}.Debug|x64.Build.0 = Debug|Any CPU
		{77613B9D-19A5-492C-BB8F-26CE3FCC0BE4}.Debug|x86.ActiveCfg = Debug|Any CPU
		{77613B9D-19A5-492C-BB8F-26CE3FCC0BE4}.Debug|x86.Build.0 = Debug|Any CPU
		{77613B9D-19A5-492C-BB8F-26CE3FCC0BE4}.Release|Any CPU.ActiveCfg = Release|Any CPU
		{77613B9D-19A5-492C-BB8F-26CE3FCC0BE4}.Release|Any CPU.Build.0 = Release|Any CPU
		{77613B9D-19A5-492C-BB8F-26CE3FCC0BE4}.Release|x64.ActiveCfg = Release|Any CPU
		{77613B9D-19A5-492C-BB8F-26CE3FCC0BE4}.Release|x64.Build.0 = Release|Any CPU
		{77613B9D-19A5-492C-BB8F-26CE3FCC0BE4}.Release|x86.ActiveCfg = Release|Any CPU
		{77613B9D-19A5-492C-BB8F-26CE3FCC0BE4}.Release|x86.Build.0 = Release|Any CPU
	EndGlobalSection
	GlobalSection(SolutionProperties) = preSolution
		HideSolutionNode = FALSE
	EndGlobalSection
	GlobalSection(ExtensibilityGlobals) = postSolution
		SolutionGuid = {49BEF80E-F9FC-4327-A7B0-C0D1C5EC3F81}
	EndGlobalSection
EndGlobal
