
Microsoft Visual Studio Solution File, Format Version 12.00
# Visual Studio Version 17
VisualStudioVersion = 17.8.34330.188
MinimumVisualStudioVersion = 10.0.40219.1
Project("{9A19103F-16F7-4668-BE54-9A1E7A4F7556}") = "OnlineScheduling.Domain", "OnlineSheduling.Domain\OnlineScheduling.Domain.csproj", "{4406A788-7361-459D-AAAA-5AC66C005ACB}"
EndProject
Project("{9A19103F-16F7-4668-BE54-9A1E7A4F7556}") = "OnlineScheduling.Api", "OnlineSheduling.Domain.Api\OnlineScheduling.Api.csproj", "{C634120E-B314-496A-82B7-4FF0442A3B89}"
EndProject
Project("{9A19103F-16F7-4668-BE54-9A1E7A4F7556}") = "OnlineScheduling.Infra", "OnlineSheduling.Domain.Infra\OnlineScheduling.Infra.csproj", "{C829715D-1739-4BCB-AB4C-4326DF1C6F3D}"
EndProject
Global
	GlobalSection(SolutionConfigurationPlatforms) = preSolution
		Debug|Any CPU = Debug|Any CPU
		Debug|x64 = Debug|x64
		Debug|x86 = Debug|x86
		Release|Any CPU = Release|Any CPU
		Release|x64 = Release|x64
		Release|x86 = Release|x86
	EndGlobalSection
	GlobalSection(ProjectConfigurationPlatforms) = postSolution
		{4406A788-7361-459D-AAAA-5AC66C005ACB}.Debug|Any CPU.ActiveCfg = Debug|Any CPU
		{4406A788-7361-459D-AAAA-5AC66C005ACB}.Debug|Any CPU.Build.0 = Debug|Any CPU
		{4406A788-7361-459D-AAAA-5AC66C005ACB}.Debug|x64.ActiveCfg = Debug|Any CPU
		{4406A788-7361-459D-AAAA-5AC66C005ACB}.Debug|x64.Build.0 = Debug|Any CPU
		{4406A788-7361-459D-AAAA-5AC66C005ACB}.Debug|x86.ActiveCfg = Debug|Any CPU
		{4406A788-7361-459D-AAAA-5AC66C005ACB}.Debug|x86.Build.0 = Debug|Any CPU
		{4406A788-7361-459D-AAAA-5AC66C005ACB}.Release|Any CPU.ActiveCfg = Release|Any CPU
		{4406A788-7361-459D-AAAA-5AC66C005ACB}.Release|Any CPU.Build.0 = Release|Any CPU
		{4406A788-7361-459D-AAAA-5AC66C005ACB}.Release|x64.ActiveCfg = Release|Any CPU
		{4406A788-7361-459D-AAAA-5AC66C005ACB}.Release|x64.Build.0 = Release|Any CPU
		{4406A788-7361-459D-AAAA-5AC66C005ACB}.Release|x86.ActiveCfg = Release|Any CPU
		{4406A788-7361-459D-AAAA-5AC66C005ACB}.Release|x86.Build.0 = Release|Any CPU
		{C634120E-B314-496A-82B7-4FF0442A3B89}.Debug|Any CPU.ActiveCfg = Debug|Any CPU
		{C634120E-B314-496A-82B7-4FF0442A3B89}.Debug|Any CPU.Build.0 = Debug|Any CPU
		{C634120E-B314-496A-82B7-4FF0442A3B89}.Debug|x64.ActiveCfg = Debug|Any CPU
		{C634120E-B314-496A-82B7-4FF0442A3B89}.Debug|x64.Build.0 = Debug|Any CPU
		{C634120E-B314-496A-82B7-4FF0442A3B89}.Debug|x86.ActiveCfg = Debug|Any CPU
		{C634120E-B314-496A-82B7-4FF0442A3B89}.Debug|x86.Build.0 = Debug|Any CPU
		{C634120E-B314-496A-82B7-4FF0442A3B89}.Release|Any CPU.ActiveCfg = Release|Any CPU
		{C634120E-B314-496A-82B7-4FF0442A3B89}.Release|Any CPU.Build.0 = Release|Any CPU
		{C634120E-B314-496A-82B7-4FF0442A3B89}.Release|x64.ActiveCfg = Release|Any CPU
		{C634120E-B314-496A-82B7-4FF0442A3B89}.Release|x64.Build.0 = Release|Any CPU
		{C634120E-B314-496A-82B7-4FF0442A3B89}.Release|x86.ActiveCfg = Release|Any CPU
		{C634120E-B314-496A-82B7-4FF0442A3B89}.Release|x86.Build.0 = Release|Any CPU
		{C829715D-1739-4BCB-AB4C-4326DF1C6F3D}.Debug|Any CPU.ActiveCfg = Debug|Any CPU
		{C829715D-1739-4BCB-AB4C-4326DF1C6F3D}.Debug|Any CPU.Build.0 = Debug|Any CPU
		{C829715D-1739-4BCB-AB4C-4326DF1C6F3D}.Debug|x64.ActiveCfg = Debug|Any CPU
		{C829715D-1739-4BCB-AB4C-4326DF1C6F3D}.Debug|x64.Build.0 = Debug|Any CPU
		{C829715D-1739-4BCB-AB4C-4326DF1C6F3D}.Debug|x86.ActiveCfg = Debug|Any CPU
		{C829715D-1739-4BCB-AB4C-4326DF1C6F3D}.Debug|x86.Build.0 = Debug|Any CPU
		{C829715D-1739-4BCB-AB4C-4326DF1C6F3D}.Release|Any CPU.ActiveCfg = Release|Any CPU
		{C829715D-1739-4BCB-AB4C-4326DF1C6F3D}.Release|Any CPU.Build.0 = Release|Any CPU
		{C829715D-1739-4BCB-AB4C-4326DF1C6F3D}.Release|x64.ActiveCfg = Release|Any CPU
		{C829715D-1739-4BCB-AB4C-4326DF1C6F3D}.Release|x64.Build.0 = Release|Any CPU
		{C829715D-1739-4BCB-AB4C-4326DF1C6F3D}.Release|x86.ActiveCfg = Release|Any CPU
		{C829715D-1739-4BCB-AB4C-4326DF1C6F3D}.Release|x86.Build.0 = Release|Any CPU
	EndGlobalSection
	GlobalSection(SolutionProperties) = preSolution
		HideSolutionNode = FALSE
	EndGlobalSection
	GlobalSection(ExtensibilityGlobals) = postSolution
		SolutionGuid = {49BEF80E-F9FC-4327-A7B0-C0D1C5EC3F81}
	EndGlobalSection
EndGlobal
